
Microsoft Visual Studio Solution File, Format Version 12.00
# Visual Studio Version 17
VisualStudioVersion = 17.3.32804.467
MinimumVisualStudioVersion = 10.0.40219.1
Project("{FAE04EC0-301F-11D3-BF4B-00C04F79EFBC}") = "CIFT ZAR ATMA", "CIFT ZAR ATMA\CIFT ZAR ATMA.csproj", "{48486E46-4A93-4874-9D06-DEF7B3802104}"
EndProject
Global
	GlobalSection(SolutionConfigurationPlatforms) = preSolution
		Debug|Any CPU = Debug|Any CPU
		Release|Any CPU = Release|Any CPU
	EndGlobalSection
	GlobalSection(ProjectConfigurationPlatforms) = postSolution
		{48486E46-4A93-4874-9D06-DEF7B3802104}.Debug|Any CPU.ActiveCfg = Debug|Any CPU
		{48486E46-4A93-4874-9D06-DEF7B3802104}.Debug|Any CPU.Build.0 = Debug|Any CPU
		{48486E46-4A93-4874-9D06-DEF7B3802104}.Release|Any CPU.ActiveCfg = Release|Any CPU
		{48486E46-4A93-4874-9D06-DEF7B3802104}.Release|Any CPU.Build.0 = Release|Any CPU
	EndGlobalSection
	GlobalSection(SolutionProperties) = preSolution
		HideSolutionNode = FALSE
	EndGlobalSection
	GlobalSection(ExtensibilityGlobals) = postSolution
		SolutionGuid = {BBCA053D-EB5D-4A60-8E41-0BE968F86CFD}
	EndGlobalSection
EndGlobal
